
Microsoft Visual Studio Solution File, Format Version 12.00
# Visual Studio Version 17
VisualStudioVersion = 17.1.32228.430
MinimumVisualStudioVersion = 10.0.40219.1
Project("{FAE04EC0-301F-11D3-BF4B-00C04F79EFBC}") = "EmployeeManager.MVC", "EmployeeManager.MVC\EmployeeManager.MVC.csproj", "{2F994479-A10C-40E1-9038-F7B2B9863B99}"
EndProject
Global
	GlobalSection(SolutionConfigurationPlatforms) = preSolution
		Debug|Any CPU = Debug|Any CPU
		Release|Any CPU = Release|Any CPU
	EndGlobalSection
	GlobalSection(ProjectConfigurationPlatforms) = postSolution
		{2F994479-A10C-40E1-9038-F7B2B9863B99}.Debug|Any CPU.ActiveCfg = Debug|Any CPU
		{2F994479-A10C-40E1-9038-F7B2B9863B99}.Debug|Any CPU.Build.0 = Debug|Any CPU
		{2F994479-A10C-40E1-9038-F7B2B9863B99}.Release|Any CPU.ActiveCfg = Release|Any CPU
		{2F994479-A10C-40E1-9038-F7B2B9863B99}.Release|Any CPU.Build.0 = Release|Any CPU
	EndGlobalSection
	GlobalSection(SolutionProperties) = preSolution
		HideSolutionNode = FALSE
	EndGlobalSection
	GlobalSection(ExtensibilityGlobals) = postSolution
		SolutionGuid = {B02EAF85-53C3-4795-BE04-93921D430C86}
	EndGlobalSection
EndGlobal
